
Microsoft Visual Studio Solution File, Format Version 11.00
# Visual Studio 2010
Project("{FAE04EC0-301F-11D3-BF4B-00C04F79EFBC}") = "interface0", "interface0.csproj", "{5C80F2EC-00B3-4A3A-A2F1-35838DD50430}"
EndProject
Global
	GlobalSection(SolutionConfigurationPlatforms) = preSolution
		Debug|x86 = Debug|x86
		Release|x86 = Release|x86
	EndGlobalSection
	GlobalSection(ProjectConfigurationPlatforms) = postSolution
		{5C80F2EC-00B3-4A3A-A2F1-35838DD50430}.Debug|x86.ActiveCfg = Debug|x86
		{5C80F2EC-00B3-4A3A-A2F1-35838DD50430}.Debug|x86.Build.0 = Debug|x86
		{5C80F2EC-00B3-4A3A-A2F1-35838DD50430}.Release|x86.ActiveCfg = Release|x86
		{5C80F2EC-00B3-4A3A-A2F1-35838DD50430}.Release|x86.Build.0 = Release|x86
	EndGlobalSection
	GlobalSection(SolutionProperties) = preSolution
		HideSolutionNode = FALSE
	EndGlobalSection
EndGlobal
